// !$*UTF8*$!
{
	archiveVersion = 1;
	classes = {
	};
	objectVersion = 46;
	objects = {

/* Begin PBXBuildFile section */
		B0029B231811350F00182449 /* 104.png in Resources */ = {isa = PBXBuildFile; fileRef = B0029B1A1811350F00182449 /* 104.png */; };
		B0029B241811350F00182449 /* 105.png in Resources */ = {isa = PBXBuildFile; fileRef = B0029B1B1811350F00182449 /* 105.png */; };
		B0029B251811350F00182449 /* 106.png in Resources */ = {isa = PBXBuildFile; fileRef = B0029B1C1811350F00182449 /* 106.png */; };
		B0029B261811350F00182449 /* 107.png in Resources */ = {isa = PBXBuildFile; fileRef = B0029B1D1811350F00182449 /* 107.png */; };
		B0029B271811350F00182449 /* 108.png in Resources */ = {isa = PBXBuildFile; fileRef = B0029B1E1811350F00182449 /* 108.png */; };
		B0029B281811350F00182449 /* 109.png in Resources */ = {isa = PBXBuildFile; fileRef = B0029B1F1811350F00182449 /* 109.png */; };
		B0029B291811350F00182449 /* 110.png in Resources */ = {isa = PBXBuildFile; fileRef = B0029B201811350F00182449 /* 110.png */; };
		B0029B2A1811350F00182449 /* 111.png in Resources */ = {isa = PBXBuildFile; fileRef = B0029B211811350F00182449 /* 111.png */; };
		B0029B2B1811350F00182449 /* untitled.png in Resources */ = {isa = PBXBuildFile; fileRef = B0029B221811350F00182449 /* untitled.png */; };
		B0029B2D1811356200182449 /* periodic_table_element.html in Resources */ = {isa = PBXBuildFile; fileRef = B0029B2C1811356200182449 /* periodic_table_element.html */; };
		B01FD77817EC9FB000D0BBA2 /* Constant.m in Sources */ = {isa = PBXBuildFile; fileRef = B01FD77717EC9FB000D0BBA2 /* Constant.m */; };
		B01FD77B17ECAEF900D0BBA2 /* mainicon.png in Resources */ = {isa = PBXBuildFile; fileRef = B01FD77917ECAEF900D0BBA2 /* mainicon.png */; };
		B01FD77E17ECAF7600D0BBA2 /* nuslogo.png in Resources */ = {isa = PBXBuildFile; fileRef = B01FD77D17ECAF7600D0BBA2 /* nuslogo.png */; };
		B01FD78117ECB1C900D0BBA2 /* FrontPageController.m in Sources */ = {isa = PBXBuildFile; fileRef = B01FD78017ECB1C900D0BBA2 /* FrontPageController.m */; };
		B01FD78417ECB6F400D0BBA2 /* InstructionController.m in Sources */ = {isa = PBXBuildFile; fileRef = B01FD78317ECB6F400D0BBA2 /* InstructionController.m */; };
		B01FD78817ECB77300D0BBA2 /* chinesecaption.png in Resources */ = {isa = PBXBuildFile; fileRef = B01FD78517ECB77300D0BBA2 /* chinesecaption.png */; };
		B01FD78917ECB77300D0BBA2 /* cotributor.png in Resources */ = {isa = PBXBuildFile; fileRef = B01FD78617ECB77300D0BBA2 /* cotributor.png */; };
		B01FD78A17ECB77300D0BBA2 /* englishcaption.png in Resources */ = {isa = PBXBuildFile; fileRef = B01FD78717ECB77300D0BBA2 /* englishcaption.png */; };
		B039987A17EE1C8B00DC9254 /* ChapterController.m in Sources */ = {isa = PBXBuildFile; fileRef = B039987917EE1C8B00DC9254 /* ChapterController.m */; };
		B043F5A618090FEE0021FA56 /* facultyinfo.png in Resources */ = {isa = PBXBuildFile; fileRef = B043F5A518090FEE0021FA56 /* facultyinfo.png */; };
		B043F5A8180959900021FA56 /* AudioToolbox.framework in Frameworks */ = {isa = PBXBuildFile; fileRef = B043F5A7180959900021FA56 /* AudioToolbox.framework */; };
		B043F5AF18097AE70021FA56 /* QuizController.m in Sources */ = {isa = PBXBuildFile; fileRef = B043F5AE18097AE70021FA56 /* QuizController.m */; };
		B04809D618002AC0006C9DC5 /* PeriodicTableController.m in Sources */ = {isa = PBXBuildFile; fileRef = B04809D518002AC0006C9DC5 /* PeriodicTableController.m */; };
		B04809D918003C5C006C9DC5 /* CustomNavigationController.m in Sources */ = {isa = PBXBuildFile; fileRef = B04809D818003C5C006C9DC5 /* CustomNavigationController.m */; };
		B06E55E1180BE39A00BBD23D /* audiobutton.jpg in Resources */ = {isa = PBXBuildFile; fileRef = B06E55E0180BE39A00BBD23D /* audiobutton.jpg */; };
		B06E560C180BE40300BBD23D /* 1.jpg in Resources */ = {isa = PBXBuildFile; fileRef = B06E55E4180BE40300BBD23D /* 1.jpg */; };
		B06E560D180BE40300BBD23D /* 2.jpg in Resources */ = {isa = PBXBuildFile; fileRef = B06E55E5180BE40300BBD23D /* 2.jpg */; };
		B06E560E180BE40300BBD23D /* 3.jpg in Resources */ = {isa = PBXBuildFile; fileRef = B06E55E6180BE40300BBD23D /* 3.jpg */; };
		B06E560F180BE40300BBD23D /* 4.jpg in Resources */ = {isa = PBXBuildFile; fileRef = B06E55E7180BE40300BBD23D /* 4.jpg */; };
		B06E5610180BE40300BBD23D /* 5.jpg in Resources */ = {isa = PBXBuildFile; fileRef = B06E55E8180BE40300BBD23D /* 5.jpg */; };
		B06E5611180BE40300BBD23D /* 6.jpg in Resources */ = {isa = PBXBuildFile; fileRef = B06E55E9180BE40300BBD23D /* 6.jpg */; };
		B06E5612180BE40300BBD23D /* 7.jpg in Resources */ = {isa = PBXBuildFile; fileRef = B06E55EA180BE40300BBD23D /* 7.jpg */; };
		B06E5613180BE40300BBD23D /* 8.jpg in Resources */ = {isa = PBXBuildFile; fileRef = B06E55EB180BE40300BBD23D /* 8.jpg */; };
		B06E5614180BE40300BBD23D /* 9.jpg in Resources */ = {isa = PBXBuildFile; fileRef = B06E55EC180BE40300BBD23D /* 9.jpg */; };
		B06E5615180BE40300BBD23D /* 10.jpg in Resources */ = {isa = PBXBuildFile; fileRef = B06E55ED180BE40300BBD23D /* 10.jpg */; };
		B06E5616180BE40300BBD23D /* 11.jpg in Resources */ = {isa = PBXBuildFile; fileRef = B06E55EE180BE40300BBD23D /* 11.jpg */; };
		B06E5617180BE40300BBD23D /* 12.jpg in Resources */ = {isa = PBXBuildFile; fileRef = B06E55EF180BE40300BBD23D /* 12.jpg */; };
		B06E5618180BE40300BBD23D /* 13.jpg in Resources */ = {isa = PBXBuildFile; fileRef = B06E55F0180BE40300BBD23D /* 13.jpg */; };
		B06E5619180BE40300BBD23D /* 14.jpg in Resources */ = {isa = PBXBuildFile; fileRef = B06E55F1180BE40300BBD23D /* 14.jpg */; };
		B06E561A180BE40300BBD23D /* 15.jpg in Resources */ = {isa = PBXBuildFile; fileRef = B06E55F2180BE40300BBD23D /* 15.jpg */; };
		B06E561B180BE40300BBD23D /* 16.jpg in Resources */ = {isa = PBXBuildFile; fileRef = B06E55F3180BE40300BBD23D /* 16.jpg */; };
		B06E561C180BE40300BBD23D /* 17.jpg in Resources */ = {isa = PBXBuildFile; fileRef = B06E55F4180BE40300BBD23D /* 17.jpg */; };
		B06E561D180BE40300BBD23D /* 18.jpg in Resources */ = {isa = PBXBuildFile; fileRef = B06E55F5180BE40300BBD23D /* 18.jpg */; };
		B06E561E180BE40300BBD23D /* 19.jpg in Resources */ = {isa = PBXBuildFile; fileRef = B06E55F6180BE40300BBD23D /* 19.jpg */; };
		B06E561F180BE40300BBD23D /* 20.jpg in Resources */ = {isa = PBXBuildFile; fileRef = B06E55F7180BE40300BBD23D /* 20.jpg */; };
		B06E5620180BE40300BBD23D /* 21.jpg in Resources */ = {isa = PBXBuildFile; fileRef = B06E55F8180BE40300BBD23D /* 21.jpg */; };
		B06E5621180BE40300BBD23D /* 22.jpg in Resources */ = {isa = PBXBuildFile; fileRef = B06E55F9180BE40300BBD23D /* 22.jpg */; };
		B06E5622180BE40300BBD23D /* 23.jpg in Resources */ = {isa = PBXBuildFile; fileRef = B06E55FA180BE40300BBD23D /* 23.jpg */; };
		B06E5623180BE40300BBD23D /* 24.jpg in Resources */ = {isa = PBXBuildFile; fileRef = B06E55FB180BE40300BBD23D /* 24.jpg */; };
		B06E5624180BE40300BBD23D /* 25.jpg in Resources */ = {isa = PBXBuildFile; fileRef = B06E55FC180BE40300BBD23D /* 25.jpg */; };
		B06E5625180BE40300BBD23D /* 26.jpg in Resources */ = {isa = PBXBuildFile; fileRef = B06E55FD180BE40300BBD23D /* 26.jpg */; };
		B06E5626180BE40300BBD23D /* 27.jpg in Resources */ = {isa = PBXBuildFile; fileRef = B06E55FE180BE40300BBD23D /* 27.jpg */; };
		B06E5627180BE40300BBD23D /* 28.jpg in Resources */ = {isa = PBXBuildFile; fileRef = B06E55FF180BE40300BBD23D /* 28.jpg */; };
		B06E5628180BE40300BBD23D /* 29.jpg in Resources */ = {isa = PBXBuildFile; fileRef = B06E5600180BE40300BBD23D /* 29.jpg */; };
		B06E5629180BE40300BBD23D /* 30.jpg in Resources */ = {isa = PBXBuildFile; fileRef = B06E5601180BE40300BBD23D /* 30.jpg */; };
		B06E562A180BE40300BBD23D /* 31.jpg in Resources */ = {isa = PBXBuildFile; fileRef = B06E5602180BE40300BBD23D /* 31.jpg */; };
		B06E562B180BE40300BBD23D /* 32.jpg in Resources */ = {isa = PBXBuildFile; fileRef = B06E5603180BE40300BBD23D /* 32.jpg */; };
		B06E562C180BE40300BBD23D /* 33.jpg in Resources */ = {isa = PBXBuildFile; fileRef = B06E5604180BE40300BBD23D /* 33.jpg */; };
		B06E562D180BE40300BBD23D /* 34.jpg in Resources */ = {isa = PBXBuildFile; fileRef = B06E5605180BE40300BBD23D /* 34.jpg */; };
		B06E562E180BE40300BBD23D /* 35.jpg in Resources */ = {isa = PBXBuildFile; fileRef = B06E5606180BE40300BBD23D /* 35.jpg */; };
		B06E562F180BE40300BBD23D /* 36.jpg in Resources */ = {isa = PBXBuildFile; fileRef = B06E5607180BE40300BBD23D /* 36.jpg */; };
		B06E5630180BE40300BBD23D /* 37.jpg in Resources */ = {isa = PBXBuildFile; fileRef = B06E5608180BE40300BBD23D /* 37.jpg */; };
		B06E5631180BE40300BBD23D /* 38.jpg in Resources */ = {isa = PBXBuildFile; fileRef = B06E5609180BE40300BBD23D /* 38.jpg */; };
		B06E5632180BE40300BBD23D /* 39.jpg in Resources */ = {isa = PBXBuildFile; fileRef = B06E560A180BE40300BBD23D /* 39.jpg */; };
		B06E5633180BE40300BBD23D /* 40.jpg in Resources */ = {isa = PBXBuildFile; fileRef = B06E560B180BE40300BBD23D /* 40.jpg */; };
		B06E565C180BE42A00BBD23D /* 1.mp3 in Resources */ = {isa = PBXBuildFile; fileRef = B06E5634180BE42A00BBD23D /* 1.mp3 */; };
		B06E565D180BE42A00BBD23D /* 2.mp3 in Resources */ = {isa = PBXBuildFile; fileRef = B06E5635180BE42A00BBD23D /* 2.mp3 */; };
		B06E565E180BE42A00BBD23D /* 3.mp3 in Resources */ = {isa = PBXBuildFile; fileRef = B06E5636180BE42A00BBD23D /* 3.mp3 */; };
		B06E565F180BE42A00BBD23D /* 4.mp3 in Resources */ = {isa = PBXBuildFile; fileRef = B06E5637180BE42A00BBD23D /* 4.mp3 */; };
		B06E5660180BE42A00BBD23D /* 5.mp3 in Resources */ = {isa = PBXBuildFile; fileRef = B06E5638180BE42A00BBD23D /* 5.mp3 */; };
		B06E5661180BE42A00BBD23D /* 6.mp3 in Resources */ = {isa = PBXBuildFile; fileRef = B06E5639180BE42A00BBD23D /* 6.mp3 */; };
		B06E5662180BE42A00BBD23D /* 7.mp3 in Resources */ = {isa = PBXBuildFile; fileRef = B06E563A180BE42A00BBD23D /* 7.mp3 */; };
		B06E5663180BE42A00BBD23D /* 8.mp3 in Resources */ = {isa = PBXBuildFile; fileRef = B06E563B180BE42A00BBD23D /* 8.mp3 */; };
		B06E5664180BE42A00BBD23D /* 9.mp3 in Resources */ = {isa = PBXBuildFile; fileRef = B06E563C180BE42A00BBD23D /* 9.mp3 */; };
		B06E5665180BE42A00BBD23D /* 10.mp3 in Resources */ = {isa = PBXBuildFile; fileRef = B06E563D180BE42A00BBD23D /* 10.mp3 */; };
		B06E5666180BE42A00BBD23D /* 11.mp3 in Resources */ = {isa = PBXBuildFile; fileRef = B06E563E180BE42A00BBD23D /* 11.mp3 */; };
		B06E5667180BE42A00BBD23D /* 12.mp3 in Resources */ = {isa = PBXBuildFile; fileRef = B06E563F180BE42A00BBD23D /* 12.mp3 */; };
		B06E5668180BE42A00BBD23D /* 13.mp3 in Resources */ = {isa = PBXBuildFile; fileRef = B06E5640180BE42A00BBD23D /* 13.mp3 */; };
		B06E5669180BE42A00BBD23D /* 14.mp3 in Resources */ = {isa = PBXBuildFile; fileRef = B06E5641180BE42A00BBD23D /* 14.mp3 */; };
		B06E566A180BE42A00BBD23D /* 15.mp3 in Resources */ = {isa = PBXBuildFile; fileRef = B06E5642180BE42A00BBD23D /* 15.mp3 */; };
		B06E566B180BE42A00BBD23D /* 16.mp3 in Resources */ = {isa = PBXBuildFile; fileRef = B06E5643180BE42A00BBD23D /* 16.mp3 */; };
		B06E566C180BE42A00BBD23D /* 17.mp3 in Resources */ = {isa = PBXBuildFile; fileRef = B06E5644180BE42A00BBD23D /* 17.mp3 */; };
		B06E566D180BE42A00BBD23D /* 18.mp3 in Resources */ = {isa = PBXBuildFile; fileRef = B06E5645180BE42A00BBD23D /* 18.mp3 */; };
		B06E566E180BE42A00BBD23D /* 19.mp3 in Resources */ = {isa = PBXBuildFile; fileRef = B06E5646180BE42A00BBD23D /* 19.mp3 */; };
		B06E566F180BE42A00BBD23D /* 20.mp3 in Resources */ = {isa = PBXBuildFile; fileRef = B06E5647180BE42A00BBD23D /* 20.mp3 */; };
		B06E5670180BE42A00BBD23D /* 21.mp3 in Resources */ = {isa = PBXBuildFile; fileRef = B06E5648180BE42A00BBD23D /* 21.mp3 */; };
		B06E5671180BE42A00BBD23D /* 22.mp3 in Resources */ = {isa = PBXBuildFile; fileRef = B06E5649180BE42A00BBD23D /* 22.mp3 */; };
		B06E5672180BE42A00BBD23D /* 23.mp3 in Resources */ = {isa = PBXBuildFile; fileRef = B06E564A180BE42A00BBD23D /* 23.mp3 */; };
		B06E5673180BE42A00BBD23D /* 24.mp3 in Resources */ = {isa = PBXBuildFile; fileRef = B06E564B180BE42A00BBD23D /* 24.mp3 */; };
		B06E5674180BE42A00BBD23D /* 25.mp3 in Resources */ = {isa = PBXBuildFile; fileRef = B06E564C180BE42A00BBD23D /* 25.mp3 */; };
		B06E5675180BE42A00BBD23D /* 26.mp3 in Resources */ = {isa = PBXBuildFile; fileRef = B06E564D180BE42A00BBD23D /* 26.mp3 */; };
		B06E5676180BE42A00BBD23D /* 27.mp3 in Resources */ = {isa = PBXBuildFile; fileRef = B06E564E180BE42A00BBD23D /* 27.mp3 */; };
		B06E5677180BE42A00BBD23D /* 28.mp3 in Resources */ = {isa = PBXBuildFile; fileRef = B06E564F180BE42A00BBD23D /* 28.mp3 */; };
		B06E5678180BE42A00BBD23D /* 29.mp3 in Resources */ = {isa = PBXBuildFile; fileRef = B06E5650180BE42A00BBD23D /* 29.mp3 */; };
		B06E5679180BE42A00BBD23D /* 30.mp3 in Resources */ = {isa = PBXBuildFile; fileRef = B06E5651180BE42A00BBD23D /* 30.mp3 */; };
		B06E567A180BE42A00BBD23D /* 31.mp3 in Resources */ = {isa = PBXBuildFile; fileRef = B06E5652180BE42A00BBD23D /* 31.mp3 */; };
		B06E567B180BE42A00BBD23D /* 32.mp3 in Resources */ = {isa = PBXBuildFile; fileRef = B06E5653180BE42A00BBD23D /* 32.mp3 */; };
		B06E567C180BE42A00BBD23D /* 33.mp3 in Resources */ = {isa = PBXBuildFile; fileRef = B06E5654180BE42A00BBD23D /* 33.mp3 */; };
		B06E567D180BE42A00BBD23D /* 34.mp3 in Resources */ = {isa = PBXBuildFile; fileRef = B06E5655180BE42A00BBD23D /* 34.mp3 */; };
		B06E567E180BE42A00BBD23D /* 35.mp3 in Resources */ = {isa = PBXBuildFile; fileRef = B06E5656180BE42A00BBD23D /* 35.mp3 */; };
		B06E567F180BE42A00BBD23D /* 36.mp3 in Resources */ = {isa = PBXBuildFile; fileRef = B06E5657180BE42A00BBD23D /* 36.mp3 */; };
		B06E5680180BE42A00BBD23D /* 37.mp3 in Resources */ = {isa = PBXBuildFile; fileRef = B06E5658180BE42A00BBD23D /* 37.mp3 */; };
		B06E5681180BE42A00BBD23D /* 38.mp3 in Resources */ = {isa = PBXBuildFile; fileRef = B06E5659180BE42A00BBD23D /* 38.mp3 */; };
		B06E5682180BE42A00BBD23D /* 39.mp3 in Resources */ = {isa = PBXBuildFile; fileRef = B06E565A180BE42A00BBD23D /* 39.mp3 */; };
		B06E5683180BE42A00BBD23D /* 40.mp3 in Resources */ = {isa = PBXBuildFile; fileRef = B06E565B180BE42A00BBD23D /* 40.mp3 */; };
		B097063D17F0268B000787EB /* dictionary.sqlite in Resources */ = {isa = PBXBuildFile; fileRef = B097063C17F0268B000787EB /* dictionary.sqlite */; };
		B097064017F03008000787EB /* ElementController.m in Sources */ = {isa = PBXBuildFile; fileRef = B097063F17F03008000787EB /* ElementController.m */; };
		B09CDF68180A60DA00897B14 /* QuizQuestionController.m in Sources */ = {isa = PBXBuildFile; fileRef = B09CDF67180A60DA00897B14 /* QuizQuestionController.m */; };
		B09FA82917ED44E1001E0917 /* SyllabusController.m in Sources */ = {isa = PBXBuildFile; fileRef = B09FA82817ED44E1001E0917 /* SyllabusController.m */; };
		B0A0551A17EC75CF001899AA /* periodtable.png in Resources */ = {isa = PBXBuildFile; fileRef = B0A0551617EC75CF001899AA /* periodtable.png */; };
		B0A0551B17EC75CF001899AA /* quiz.png in Resources */ = {isa = PBXBuildFile; fileRef = B0A0551717EC75CF001899AA /* quiz.png */; };
		B0A0551C17EC75CF001899AA /* searchdictionary.png in Resources */ = {isa = PBXBuildFile; fileRef = B0A0551817EC75CF001899AA /* searchdictionary.png */; };
		B0AC85A81807A0970007CA31 /* PeriodicTableElementModel.m in Sources */ = {isa = PBXBuildFile; fileRef = B0AC85A71807A0970007CA31 /* PeriodicTableElementModel.m */; };
		B0AC85AB1807CCB00007CA31 /* PeriodicTableElementController.m in Sources */ = {isa = PBXBuildFile; fileRef = B0AC85AA1807CCB00007CA31 /* PeriodicTableElementController.m */; };
		B0AC85C4180862960007CA31 /* ElementListController.m in Sources */ = {isa = PBXBuildFile; fileRef = B0AC85C3180862960007CA31 /* ElementListController.m */; };
		B0BD8DEB17FE88BF0071EF6F /* syllabus.png in Resources */ = {isa = PBXBuildFile; fileRef = B0BD8DEA17FE88BF0071EF6F /* syllabus.png */; };
		B0BD8DEE17FE95AC0071EF6F /* DictionaryController.m in Sources */ = {isa = PBXBuildFile; fileRef = B0BD8DED17FE95AC0071EF6F /* DictionaryController.m */; };
		B0C7FE5A17EEF45000133AFD /* ElementModel.m in Sources */ = {isa = PBXBuildFile; fileRef = B0C7FE5917EEF45000133AFD /* ElementModel.m */; };
		B0C7FE5D17EEF89B00133AFD /* DictionaryDB.m in Sources */ = {isa = PBXBuildFile; fileRef = B0C7FE5C17EEF89B00133AFD /* DictionaryDB.m */; };
		B0C7FE5F17EEF92000133AFD /* libsqlite3.dylib in Frameworks */ = {isa = PBXBuildFile; fileRef = B0C7FE5E17EEF92000133AFD /* libsqlite3.dylib */; };
		B0D0ACAD17EC2A4400AD2E7C /* UIKit.framework in Frameworks */ = {isa = PBXBuildFile; fileRef = B0D0ACAC17EC2A4400AD2E7C /* UIKit.framework */; };
		B0D0ACAF17EC2A4400AD2E7C /* Foundation.framework in Frameworks */ = {isa = PBXBuildFile; fileRef = B0D0ACAE17EC2A4400AD2E7C /* Foundation.framework */; };
		B0D0ACB117EC2A4400AD2E7C /* CoreGraphics.framework in Frameworks */ = {isa = PBXBuildFile; fileRef = B0D0ACB017EC2A4400AD2E7C /* CoreGraphics.framework */; };
		B0D0ACB717EC2A4400AD2E7C /* InfoPlist.strings in Resources */ = {isa = PBXBuildFile; fileRef = B0D0ACB517EC2A4400AD2E7C /* InfoPlist.strings */; };
		B0D0ACB917EC2A4400AD2E7C /* main.m in Sources */ = {isa = PBXBuildFile; fileRef = B0D0ACB817EC2A4400AD2E7C /* main.m */; };
		B0D0ACBD17EC2A4400AD2E7C /* AppDelegate.m in Sources */ = {isa = PBXBuildFile; fileRef = B0D0ACBC17EC2A4400AD2E7C /* AppDelegate.m */; };
		B0D0ACBF17EC2A4400AD2E7C /* Default.png in Resources */ = {isa = PBXBuildFile; fileRef = B0D0ACBE17EC2A4400AD2E7C /* Default.png */; };
		B0D0ACC117EC2A4400AD2E7C /* Default@2x.png in Resources */ = {isa = PBXBuildFile; fileRef = B0D0ACC017EC2A4400AD2E7C /* Default@2x.png */; };
		B0D0ACC317EC2A4400AD2E7C /* Default-568h@2x.png in Resources */ = {isa = PBXBuildFile; fileRef = B0D0ACC217EC2A4400AD2E7C /* Default-568h@2x.png */; };
		B0D0ACC617EC2A4400AD2E7C /* MainStoryboard.storyboard in Resources */ = {isa = PBXBuildFile; fileRef = B0D0ACC417EC2A4400AD2E7C /* MainStoryboard.storyboard */; };
		B0D0ACC917EC2A4400AD2E7C /* ViewController.m in Sources */ = {isa = PBXBuildFile; fileRef = B0D0ACC817EC2A4400AD2E7C /* ViewController.m */; };
		B0D0ACD817EC2E4A00AD2E7C /* audio.png in Resources */ = {isa = PBXBuildFile; fileRef = B0D0ACD117EC2E4A00AD2E7C /* audio.png */; };
		B0D0ACD917EC2E4A00AD2E7C /* back.png in Resources */ = {isa = PBXBuildFile; fileRef = B0D0ACD217EC2E4A00AD2E7C /* back.png */; };
		B0D0ACDA17EC2E4A00AD2E7C /* chapteraudio.png in Resources */ = {isa = PBXBuildFile; fileRef = B0D0ACD317EC2E4A00AD2E7C /* chapteraudio.png */; };
		B0D0ACDB17EC2E4A00AD2E7C /* home.png in Resources */ = {isa = PBXBuildFile; fileRef = B0D0ACD417EC2E4A00AD2E7C /* home.png */; };
		B0E5EE0A180B16F700C4E318 /* QuartzCore.framework in Frameworks */ = {isa = PBXBuildFile; fileRef = B0E5EE09180B16F700C4E318 /* QuartzCore.framework */; };
		B0E5EE0D180B297700C4E318 /* SummaryController.m in Sources */ = {isa = PBXBuildFile; fileRef = B0E5EE0C180B297700C4E318 /* SummaryController.m */; };
		B0F63ADE180654AD00C923ED /* fullperiodictable.jpg in Resources */ = {isa = PBXBuildFile; fileRef = B0F63ADD180654AD00C923ED /* fullperiodictable.jpg */; };
/* End PBXBuildFile section */

/* Begin PBXFileReference section */
		B0029B1A1811350F00182449 /* 104.png */ = {isa = PBXFileReference; lastKnownFileType = image.png; path = 104.png; sourceTree = "<group>"; };
		B0029B1B1811350F00182449 /* 105.png */ = {isa = PBXFileReference; lastKnownFileType = image.png; path = 105.png; sourceTree = "<group>"; };
		B0029B1C1811350F00182449 /* 106.png */ = {isa = PBXFileReference; lastKnownFileType = image.png; path = 106.png; sourceTree = "<group>"; };
		B0029B1D1811350F00182449 /* 107.png */ = {isa = PBXFileReference; lastKnownFileType = image.png; path = 107.png; sourceTree = "<group>"; };
		B0029B1E1811350F00182449 /* 108.png */ = {isa = PBXFileReference; lastKnownFileType = image.png; path = 108.png; sourceTree = "<group>"; };
		B0029B1F1811350F00182449 /* 109.png */ = {isa = PBXFileReference; lastKnownFileType = image.png; path = 109.png; sourceTree = "<group>"; };
		B0029B201811350F00182449 /* 110.png */ = {isa = PBXFileReference; lastKnownFileType = image.png; path = 110.png; sourceTree = "<group>"; };
		B0029B211811350F00182449 /* 111.png */ = {isa = PBXFileReference; lastKnownFileType = image.png; path = 111.png; sourceTree = "<group>"; };
		B0029B221811350F00182449 /* untitled.png */ = {isa = PBXFileReference; lastKnownFileType = image.png; path = untitled.png; sourceTree = "<group>"; };
		B0029B2C1811356200182449 /* periodic_table_element.html */ = {isa = PBXFileReference; fileEncoding = 4; lastKnownFileType = text.html; path = periodic_table_element.html; sourceTree = "<group>"; };
		B01FD77617EC9FB000D0BBA2 /* Constant.h */ = {isa = PBXFileReference; fileEncoding = 4; lastKnownFileType = sourcecode.c.h; path = Constant.h; sourceTree = "<group>"; };
		B01FD77717EC9FB000D0BBA2 /* Constant.m */ = {isa = PBXFileReference; fileEncoding = 4; lastKnownFileType = sourcecode.c.objc; path = Constant.m; sourceTree = "<group>"; };
		B01FD77917ECAEF900D0BBA2 /* mainicon.png */ = {isa = PBXFileReference; lastKnownFileType = image.png; path = mainicon.png; sourceTree = "<group>"; };
		B01FD77D17ECAF7600D0BBA2 /* nuslogo.png */ = {isa = PBXFileReference; lastKnownFileType = image.png; path = nuslogo.png; sourceTree = "<group>"; };
		B01FD77F17ECB1C900D0BBA2 /* FrontPageController.h */ = {isa = PBXFileReference; fileEncoding = 4; lastKnownFileType = sourcecode.c.h; path = FrontPageController.h; sourceTree = "<group>"; };
		B01FD78017ECB1C900D0BBA2 /* FrontPageController.m */ = {isa = PBXFileReference; fileEncoding = 4; lastKnownFileType = sourcecode.c.objc; path = FrontPageController.m; sourceTree = "<group>"; };
		B01FD78217ECB6F400D0BBA2 /* InstructionController.h */ = {isa = PBXFileReference; fileEncoding = 4; lastKnownFileType = sourcecode.c.h; path = InstructionController.h; sourceTree = "<group>"; };
		B01FD78317ECB6F400D0BBA2 /* InstructionController.m */ = {isa = PBXFileReference; fileEncoding = 4; lastKnownFileType = sourcecode.c.objc; path = InstructionController.m; sourceTree = "<group>"; };
		B01FD78517ECB77300D0BBA2 /* chinesecaption.png */ = {isa = PBXFileReference; lastKnownFileType = image.png; path = chinesecaption.png; sourceTree = "<group>"; };
		B01FD78617ECB77300D0BBA2 /* cotributor.png */ = {isa = PBXFileReference; lastKnownFileType = image.png; path = cotributor.png; sourceTree = "<group>"; };
		B01FD78717ECB77300D0BBA2 /* englishcaption.png */ = {isa = PBXFileReference; lastKnownFileType = image.png; path = englishcaption.png; sourceTree = "<group>"; };
		B039987817EE1C8B00DC9254 /* ChapterController.h */ = {isa = PBXFileReference; fileEncoding = 4; lastKnownFileType = sourcecode.c.h; path = ChapterController.h; sourceTree = "<group>"; };
		B039987917EE1C8B00DC9254 /* ChapterController.m */ = {isa = PBXFileReference; fileEncoding = 4; lastKnownFileType = sourcecode.c.objc; path = ChapterController.m; sourceTree = "<group>"; };
		B043F5A518090FEE0021FA56 /* facultyinfo.png */ = {isa = PBXFileReference; lastKnownFileType = image.png; path = facultyinfo.png; sourceTree = "<group>"; };
		B043F5A7180959900021FA56 /* AudioToolbox.framework */ = {isa = PBXFileReference; lastKnownFileType = wrapper.framework; name = AudioToolbox.framework; path = System/Library/Frameworks/AudioToolbox.framework; sourceTree = SDKROOT; };
		B043F5AD18097AE70021FA56 /* QuizController.h */ = {isa = PBXFileReference; fileEncoding = 4; lastKnownFileType = sourcecode.c.h; path = QuizController.h; sourceTree = "<group>"; };
		B043F5AE18097AE70021FA56 /* QuizController.m */ = {isa = PBXFileReference; fileEncoding = 4; lastKnownFileType = sourcecode.c.objc; path = QuizController.m; sourceTree = "<group>"; };
		B04809D418002AC0006C9DC5 /* PeriodicTableController.h */ = {isa = PBXFileReference; fileEncoding = 4; lastKnownFileType = sourcecode.c.h; path = PeriodicTableController.h; sourceTree = "<group>"; };
		B04809D518002AC0006C9DC5 /* PeriodicTableController.m */ = {isa = PBXFileReference; fileEncoding = 4; lastKnownFileType = sourcecode.c.objc; path = PeriodicTableController.m; sourceTree = "<group>"; };
		B04809D718003C5C006C9DC5 /* CustomNavigationController.h */ = {isa = PBXFileReference; fileEncoding = 4; lastKnownFileType = sourcecode.c.h; path = CustomNavigationController.h; sourceTree = "<group>"; };
		B04809D818003C5C006C9DC5 /* CustomNavigationController.m */ = {isa = PBXFileReference; fileEncoding = 4; lastKnownFileType = sourcecode.c.objc; path = CustomNavigationController.m; sourceTree = "<group>"; };
		B06E55E0180BE39A00BBD23D /* audiobutton.jpg */ = {isa = PBXFileReference; lastKnownFileType = image.jpeg; path = audiobutton.jpg; sourceTree = "<group>"; };
		B06E55E4180BE40300BBD23D /* 1.jpg */ = {isa = PBXFileReference; lastKnownFileType = image.jpeg; path = 1.jpg; sourceTree = "<group>"; };
		B06E55E5180BE40300BBD23D /* 2.jpg */ = {isa = PBXFileReference; lastKnownFileType = image.jpeg; path = 2.jpg; sourceTree = "<group>"; };
		B06E55E6180BE40300BBD23D /* 3.jpg */ = {isa = PBXFileReference; lastKnownFileType = image.jpeg; path = 3.jpg; sourceTree = "<group>"; };
		B06E55E7180BE40300BBD23D /* 4.jpg */ = {isa = PBXFileReference; lastKnownFileType = image.jpeg; path = 4.jpg; sourceTree = "<group>"; };
		B06E55E8180BE40300BBD23D /* 5.jpg */ = {isa = PBXFileReference; lastKnownFileType = image.jpeg; path = 5.jpg; sourceTree = "<group>"; };
		B06E55E9180BE40300BBD23D /* 6.jpg */ = {isa = PBXFileReference; lastKnownFileType = image.jpeg; path = 6.jpg; sourceTree = "<group>"; };
		B06E55EA180BE40300BBD23D /* 7.jpg */ = {isa = PBXFileReference; lastKnownFileType = image.jpeg; path = 7.jpg; sourceTree = "<group>"; };
		B06E55EB180BE40300BBD23D /* 8.jpg */ = {isa = PBXFileReference; lastKnownFileType = image.jpeg; path = 8.jpg; sourceTree = "<group>"; };
		B06E55EC180BE40300BBD23D /* 9.jpg */ = {isa = PBXFileReference; lastKnownFileType = image.jpeg; path = 9.jpg; sourceTree = "<group>"; };
		B06E55ED180BE40300BBD23D /* 10.jpg */ = {isa = PBXFileReference; lastKnownFileType = image.jpeg; path = 10.jpg; sourceTree = "<group>"; };
		B06E55EE180BE40300BBD23D /* 11.jpg */ = {isa = PBXFileReference; lastKnownFileType = image.jpeg; path = 11.jpg; sourceTree = "<group>"; };
		B06E55EF180BE40300BBD23D /* 12.jpg */ = {isa = PBXFileReference; lastKnownFileType = image.jpeg; path = 12.jpg; sourceTree = "<group>"; };
		B06E55F0180BE40300BBD23D /* 13.jpg */ = {isa = PBXFileReference; lastKnownFileType = image.jpeg; path = 13.jpg; sourceTree = "<group>"; };
		B06E55F1180BE40300BBD23D /* 14.jpg */ = {isa = PBXFileReference; lastKnownFileType = image.jpeg; path = 14.jpg; sourceTree = "<group>"; };
		B06E55F2180BE40300BBD23D /* 15.jpg */ = {isa = PBXFileReference; lastKnownFileType = image.jpeg; path = 15.jpg; sourceTree = "<group>"; };
		B06E55F3180BE40300BBD23D /* 16.jpg */ = {isa = PBXFileReference; lastKnownFileType = image.jpeg; path = 16.jpg; sourceTree = "<group>"; };
		B06E55F4180BE40300BBD23D /* 17.jpg */ = {isa = PBXFileReference; lastKnownFileType = image.jpeg; path = 17.jpg; sourceTree = "<group>"; };
		B06E55F5180BE40300BBD23D /* 18.jpg */ = {isa = PBXFileReference; lastKnownFileType = image.jpeg; path = 18.jpg; sourceTree = "<group>"; };
		B06E55F6180BE40300BBD23D /* 19.jpg */ = {isa = PBXFileReference; lastKnownFileType = image.jpeg; path = 19.jpg; sourceTree = "<group>"; };
		B06E55F7180BE40300BBD23D /* 20.jpg */ = {isa = PBXFileReference; lastKnownFileType = image.jpeg; path = 20.jpg; sourceTree = "<group>"; };
		B06E55F8180BE40300BBD23D /* 21.jpg */ = {isa = PBXFileReference; lastKnownFileType = image.jpeg; path = 21.jpg; sourceTree = "<group>"; };
		B06E55F9180BE40300BBD23D /* 22.jpg */ = {isa = PBXFileReference; lastKnownFileType = image.jpeg; path = 22.jpg; sourceTree = "<group>"; };
		B06E55FA180BE40300BBD23D /* 23.jpg */ = {isa = PBXFileReference; lastKnownFileType = image.jpeg; path = 23.jpg; sourceTree = "<group>"; };
		B06E55FB180BE40300BBD23D /* 24.jpg */ = {isa = PBXFileReference; lastKnownFileType = image.jpeg; path = 24.jpg; sourceTree = "<group>"; };
		B06E55FC180BE40300BBD23D /* 25.jpg */ = {isa = PBXFileReference; lastKnownFileType = image.jpeg; path = 25.jpg; sourceTree = "<group>"; };
		B06E55FD180BE40300BBD23D /* 26.jpg */ = {isa = PBXFileReference; lastKnownFileType = image.jpeg; path = 26.jpg; sourceTree = "<group>"; };
		B06E55FE180BE40300BBD23D /* 27.jpg */ = {isa = PBXFileReference; lastKnownFileType = image.jpeg; path = 27.jpg; sourceTree = "<group>"; };
		B06E55FF180BE40300BBD23D /* 28.jpg */ = {isa = PBXFileReference; lastKnownFileType = image.jpeg; path = 28.jpg; sourceTree = "<group>"; };
		B06E5600180BE40300BBD23D /* 29.jpg */ = {isa = PBXFileReference; lastKnownFileType = image.jpeg; path = 29.jpg; sourceTree = "<group>"; };
		B06E5601180BE40300BBD23D /* 30.jpg */ = {isa = PBXFileReference; lastKnownFileType = image.jpeg; path = 30.jpg; sourceTree = "<group>"; };
		B06E5602180BE40300BBD23D /* 31.jpg */ = {isa = PBXFileReference; lastKnownFileType = image.jpeg; path = 31.jpg; sourceTree = "<group>"; };
		B06E5603180BE40300BBD23D /* 32.jpg */ = {isa = PBXFileReference; lastKnownFileType = image.jpeg; path = 32.jpg; sourceTree = "<group>"; };
		B06E5604180BE40300BBD23D /* 33.jpg */ = {isa = PBXFileReference; lastKnownFileType = image.jpeg; path = 33.jpg; sourceTree = "<group>"; };
		B06E5605180BE40300BBD23D /* 34.jpg */ = {isa = PBXFileReference; lastKnownFileType = image.jpeg; path = 34.jpg; sourceTree = "<group>"; };
		B06E5606180BE40300BBD23D /* 35.jpg */ = {isa = PBXFileReference; lastKnownFileType = image.jpeg; path = 35.jpg; sourceTree = "<group>"; };
		B06E5607180BE40300BBD23D /* 36.jpg */ = {isa = PBXFileReference; lastKnownFileType = image.jpeg; path = 36.jpg; sourceTree = "<group>"; };
		B06E5608180BE40300BBD23D /* 37.jpg */ = {isa = PBXFileReference; lastKnownFileType = image.jpeg; path = 37.jpg; sourceTree = "<group>"; };
		B06E5609180BE40300BBD23D /* 38.jpg */ = {isa = PBXFileReference; lastKnownFileType = image.jpeg; path = 38.jpg; sourceTree = "<group>"; };
		B06E560A180BE40300BBD23D /* 39.jpg */ = {isa = PBXFileReference; lastKnownFileType = image.jpeg; path = 39.jpg; sourceTree = "<group>"; };
		B06E560B180BE40300BBD23D /* 40.jpg */ = {isa = PBXFileReference; lastKnownFileType = image.jpeg; path = 40.jpg; sourceTree = "<group>"; };
		B06E5634180BE42A00BBD23D /* 1.mp3 */ = {isa = PBXFileReference; lastKnownFileType = audio.mp3; path = 1.mp3; sourceTree = "<group>"; };
		B06E5635180BE42A00BBD23D /* 2.mp3 */ = {isa = PBXFileReference; lastKnownFileType = audio.mp3; path = 2.mp3; sourceTree = "<group>"; };
		B06E5636180BE42A00BBD23D /* 3.mp3 */ = {isa = PBXFileReference; lastKnownFileType = audio.mp3; path = 3.mp3; sourceTree = "<group>"; };
		B06E5637180BE42A00BBD23D /* 4.mp3 */ = {isa = PBXFileReference; lastKnownFileType = audio.mp3; path = 4.mp3; sourceTree = "<group>"; };
		B06E5638180BE42A00BBD23D /* 5.mp3 */ = {isa = PBXFileReference; lastKnownFileType = audio.mp3; path = 5.mp3; sourceTree = "<group>"; };
		B06E5639180BE42A00BBD23D /* 6.mp3 */ = {isa = PBXFileReference; lastKnownFileType = audio.mp3; path = 6.mp3; sourceTree = "<group>"; };
		B06E563A180BE42A00BBD23D /* 7.mp3 */ = {isa = PBXFileReference; lastKnownFileType = audio.mp3; path = 7.mp3; sourceTree = "<group>"; };
		B06E563B180BE42A00BBD23D /* 8.mp3 */ = {isa = PBXFileReference; lastKnownFileType = audio.mp3; path = 8.mp3; sourceTree = "<group>"; };
		B06E563C180BE42A00BBD23D /* 9.mp3 */ = {isa = PBXFileReference; lastKnownFileType = audio.mp3; path = 9.mp3; sourceTree = "<group>"; };
		B06E563D180BE42A00BBD23D /* 10.mp3 */ = {isa = PBXFileReference; lastKnownFileType = audio.mp3; path = 10.mp3; sourceTree = "<group>"; };
		B06E563E180BE42A00BBD23D /* 11.mp3 */ = {isa = PBXFileReference; lastKnownFileType = audio.mp3; path = 11.mp3; sourceTree = "<group>"; };
		B06E563F180BE42A00BBD23D /* 12.mp3 */ = {isa = PBXFileReference; lastKnownFileType = audio.mp3; path = 12.mp3; sourceTree = "<group>"; };
		B06E5640180BE42A00BBD23D /* 13.mp3 */ = {isa = PBXFileReference; lastKnownFileType = audio.mp3; path = 13.mp3; sourceTree = "<group>"; };
		B06E5641180BE42A00BBD23D /* 14.mp3 */ = {isa = PBXFileReference; lastKnownFileType = audio.mp3; path = 14.mp3; sourceTree = "<group>"; };
		B06E5642180BE42A00BBD23D /* 15.mp3 */ = {isa = PBXFileReference; lastKnownFileType = audio.mp3; path = 15.mp3; sourceTree = "<group>"; };
		B06E5643180BE42A00BBD23D /* 16.mp3 */ = {isa = PBXFileReference; lastKnownFileType = audio.mp3; path = 16.mp3; sourceTree = "<group>"; };
		B06E5644180BE42A00BBD23D /* 17.mp3 */ = {isa = PBXFileReference; lastKnownFileType = audio.mp3; path = 17.mp3; sourceTree = "<group>"; };
		B06E5645180BE42A00BBD23D /* 18.mp3 */ = {isa = PBXFileReference; lastKnownFileType = audio.mp3; path = 18.mp3; sourceTree = "<group>"; };
		B06E5646180BE42A00BBD23D /* 19.mp3 */ = {isa = PBXFileReference; lastKnownFileType = audio.mp3; path = 19.mp3; sourceTree = "<group>"; };
		B06E5647180BE42A00BBD23D /* 20.mp3 */ = {isa = PBXFileReference; lastKnownFileType = audio.mp3; path = 20.mp3; sourceTree = "<group>"; };
		B06E5648180BE42A00BBD23D /* 21.mp3 */ = {isa = PBXFileReference; lastKnownFileType = audio.mp3; path = 21.mp3; sourceTree = "<group>"; };
		B06E5649180BE42A00BBD23D /* 22.mp3 */ = {isa = PBXFileReference; lastKnownFileType = audio.mp3; path = 22.mp3; sourceTree = "<group>"; };
		B06E564A180BE42A00BBD23D /* 23.mp3 */ = {isa = PBXFileReference; lastKnownFileType = audio.mp3; path = 23.mp3; sourceTree = "<group>"; };
		B06E564B180BE42A00BBD23D /* 24.mp3 */ = {isa = PBXFileReference; lastKnownFileType = audio.mp3; path = 24.mp3; sourceTree = "<group>"; };
		B06E564C180BE42A00BBD23D /* 25.mp3 */ = {isa = PBXFileReference; lastKnownFileType = audio.mp3; path = 25.mp3; sourceTree = "<group>"; };
		B06E564D180BE42A00BBD23D /* 26.mp3 */ = {isa = PBXFileReference; lastKnownFileType = audio.mp3; path = 26.mp3; sourceTree = "<group>"; };
		B06E564E180BE42A00BBD23D /* 27.mp3 */ = {isa = PBXFileReference; lastKnownFileType = audio.mp3; path = 27.mp3; sourceTree = "<group>"; };
		B06E564F180BE42A00BBD23D /* 28.mp3 */ = {isa = PBXFileReference; lastKnownFileType = audio.mp3; path = 28.mp3; sourceTree = "<group>"; };
		B06E5650180BE42A00BBD23D /* 29.mp3 */ = {isa = PBXFileReference; lastKnownFileType = audio.mp3; path = 29.mp3; sourceTree = "<group>"; };
		B06E5651180BE42A00BBD23D /* 30.mp3 */ = {isa = PBXFileReference; lastKnownFileType = audio.mp3; path = 30.mp3; sourceTree = "<group>"; };
		B06E5652180BE42A00BBD23D /* 31.mp3 */ = {isa = PBXFileReference; lastKnownFileType = audio.mp3; path = 31.mp3; sourceTree = "<group>"; };
		B06E5653180BE42A00BBD23D /* 32.mp3 */ = {isa = PBXFileReference; lastKnownFileType = audio.mp3; path = 32.mp3; sourceTree = "<group>"; };
		B06E5654180BE42A00BBD23D /* 33.mp3 */ = {isa = PBXFileReference; lastKnownFileType = audio.mp3; path = 33.mp3; sourceTree = "<group>"; };
		B06E5655180BE42A00BBD23D /* 34.mp3 */ = {isa = PBXFileReference; lastKnownFileType = audio.mp3; path = 34.mp3; sourceTree = "<group>"; };
		B06E5656180BE42A00BBD23D /* 35.mp3 */ = {isa = PBXFileReference; lastKnownFileType = audio.mp3; path = 35.mp3; sourceTree = "<group>"; };
		B06E5657180BE42A00BBD23D /* 36.mp3 */ = {isa = PBXFileReference; lastKnownFileType = audio.mp3; path = 36.mp3; sourceTree = "<group>"; };
		B06E5658180BE42A00BBD23D /* 37.mp3 */ = {isa = PBXFileReference; lastKnownFileType = audio.mp3; path = 37.mp3; sourceTree = "<group>"; };
		B06E5659180BE42A00BBD23D /* 38.mp3 */ = {isa = PBXFileReference; lastKnownFileType = audio.mp3; path = 38.mp3; sourceTree = "<group>"; };
		B06E565A180BE42A00BBD23D /* 39.mp3 */ = {isa = PBXFileReference; lastKnownFileType = audio.mp3; path = 39.mp3; sourceTree = "<group>"; };
		B06E565B180BE42A00BBD23D /* 40.mp3 */ = {isa = PBXFileReference; lastKnownFileType = audio.mp3; path = 40.mp3; sourceTree = "<group>"; };
		B097063C17F0268B000787EB /* dictionary.sqlite */ = {isa = PBXFileReference; lastKnownFileType = file; name = dictionary.sqlite; path = ../dictionary.sqlite; sourceTree = "<group>"; };
		B097063E17F03008000787EB /* ElementController.h */ = {isa = PBXFileReference; fileEncoding = 4; lastKnownFileType = sourcecode.c.h; path = ElementController.h; sourceTree = "<group>"; };
		B097063F17F03008000787EB /* ElementController.m */ = {isa = PBXFileReference; fileEncoding = 4; lastKnownFileType = sourcecode.c.objc; path = ElementController.m; sourceTree = "<group>"; };
		B09CDF66180A60DA00897B14 /* QuizQuestionController.h */ = {isa = PBXFileReference; fileEncoding = 4; lastKnownFileType = sourcecode.c.h; path = QuizQuestionController.h; sourceTree = "<group>"; };
		B09CDF67180A60DA00897B14 /* QuizQuestionController.m */ = {isa = PBXFileReference; fileEncoding = 4; lastKnownFileType = sourcecode.c.objc; path = QuizQuestionController.m; sourceTree = "<group>"; };
		B09FA82717ED44E1001E0917 /* SyllabusController.h */ = {isa = PBXFileReference; fileEncoding = 4; lastKnownFileType = sourcecode.c.h; path = SyllabusController.h; sourceTree = "<group>"; };
		B09FA82817ED44E1001E0917 /* SyllabusController.m */ = {isa = PBXFileReference; fileEncoding = 4; lastKnownFileType = sourcecode.c.objc; path = SyllabusController.m; sourceTree = "<group>"; };
		B0A0551617EC75CF001899AA /* periodtable.png */ = {isa = PBXFileReference; lastKnownFileType = image.png; path = periodtable.png; sourceTree = "<group>"; };
		B0A0551717EC75CF001899AA /* quiz.png */ = {isa = PBXFileReference; lastKnownFileType = image.png; path = quiz.png; sourceTree = "<group>"; };
		B0A0551817EC75CF001899AA /* searchdictionary.png */ = {isa = PBXFileReference; lastKnownFileType = image.png; path = searchdictionary.png; sourceTree = "<group>"; };
		B0AC85A61807A0970007CA31 /* PeriodicTableElementModel.h */ = {isa = PBXFileReference; fileEncoding = 4; lastKnownFileType = sourcecode.c.h; path = PeriodicTableElementModel.h; sourceTree = "<group>"; };
		B0AC85A71807A0970007CA31 /* PeriodicTableElementModel.m */ = {isa = PBXFileReference; fileEncoding = 4; lastKnownFileType = sourcecode.c.objc; path = PeriodicTableElementModel.m; sourceTree = "<group>"; };
		B0AC85A91807CCB00007CA31 /* PeriodicTableElementController.h */ = {isa = PBXFileReference; fileEncoding = 4; lastKnownFileType = sourcecode.c.h; path = PeriodicTableElementController.h; sourceTree = "<group>"; };
		B0AC85AA1807CCB00007CA31 /* PeriodicTableElementController.m */ = {isa = PBXFileReference; fileEncoding = 4; lastKnownFileType = sourcecode.c.objc; path = PeriodicTableElementController.m; sourceTree = "<group>"; };
		B0AC85C2180862960007CA31 /* ElementListController.h */ = {isa = PBXFileReference; fileEncoding = 4; lastKnownFileType = sourcecode.c.h; path = ElementListController.h; sourceTree = "<group>"; };
		B0AC85C3180862960007CA31 /* ElementListController.m */ = {isa = PBXFileReference; fileEncoding = 4; lastKnownFileType = sourcecode.c.objc; path = ElementListController.m; sourceTree = "<group>"; };
		B0BD8DEA17FE88BF0071EF6F /* syllabus.png */ = {isa = PBXFileReference; lastKnownFileType = image.png; path = syllabus.png; sourceTree = "<group>"; };
		B0BD8DEC17FE95AC0071EF6F /* DictionaryController.h */ = {isa = PBXFileReference; fileEncoding = 4; lastKnownFileType = sourcecode.c.h; path = DictionaryController.h; sourceTree = "<group>"; };
		B0BD8DED17FE95AC0071EF6F /* DictionaryController.m */ = {isa = PBXFileReference; fileEncoding = 4; lastKnownFileType = sourcecode.c.objc; path = DictionaryController.m; sourceTree = "<group>"; };
		B0C7FE5817EEF45000133AFD /* ElementModel.h */ = {isa = PBXFileReference; fileEncoding = 4; lastKnownFileType = sourcecode.c.h; path = ElementModel.h; sourceTree = "<group>"; };
		B0C7FE5917EEF45000133AFD /* ElementModel.m */ = {isa = PBXFileReference; fileEncoding = 4; lastKnownFileType = sourcecode.c.objc; path = ElementModel.m; sourceTree = "<group>"; };
		B0C7FE5B17EEF89B00133AFD /* DictionaryDB.h */ = {isa = PBXFileReference; fileEncoding = 4; lastKnownFileType = sourcecode.c.h; path = DictionaryDB.h; sourceTree = "<group>"; };
		B0C7FE5C17EEF89B00133AFD /* DictionaryDB.m */ = {isa = PBXFileReference; fileEncoding = 4; lastKnownFileType = sourcecode.c.objc; path = DictionaryDB.m; sourceTree = "<group>"; };
		B0C7FE5E17EEF92000133AFD /* libsqlite3.dylib */ = {isa = PBXFileReference; lastKnownFileType = "compiled.mach-o.dylib"; name = libsqlite3.dylib; path = usr/lib/libsqlite3.dylib; sourceTree = SDKROOT; };
		B0D0ACA917EC2A4400AD2E7C /* ChemistryDictionaryForSM2.app */ = {isa = PBXFileReference; explicitFileType = wrapper.application; includeInIndex = 0; path = ChemistryDictionaryForSM2.app; sourceTree = BUILT_PRODUCTS_DIR; };
		B0D0ACAC17EC2A4400AD2E7C /* UIKit.framework */ = {isa = PBXFileReference; lastKnownFileType = wrapper.framework; name = UIKit.framework; path = System/Library/Frameworks/UIKit.framework; sourceTree = SDKROOT; };
		B0D0ACAE17EC2A4400AD2E7C /* Foundation.framework */ = {isa = PBXFileReference; lastKnownFileType = wrapper.framework; name = Foundation.framework; path = System/Library/Frameworks/Foundation.framework; sourceTree = SDKROOT; };
		B0D0ACB017EC2A4400AD2E7C /* CoreGraphics.framework */ = {isa = PBXFileReference; lastKnownFileType = wrapper.framework; name = CoreGraphics.framework; path = System/Library/Frameworks/CoreGraphics.framework; sourceTree = SDKROOT; };
		B0D0ACB417EC2A4400AD2E7C /* ChemistryDictionaryForSM2-Info.plist */ = {isa = PBXFileReference; lastKnownFileType = text.plist.xml; path = "ChemistryDictionaryForSM2-Info.plist"; sourceTree = "<group>"; };
		B0D0ACB617EC2A4400AD2E7C /* en */ = {isa = PBXFileReference; lastKnownFileType = text.plist.strings; name = en; path = en.lproj/InfoPlist.strings; sourceTree = "<group>"; };
		B0D0ACB817EC2A4400AD2E7C /* main.m */ = {isa = PBXFileReference; lastKnownFileType = sourcecode.c.objc; path = main.m; sourceTree = "<group>"; };
		B0D0ACBA17EC2A4400AD2E7C /* ChemistryDictionaryForSM2-Prefix.pch */ = {isa = PBXFileReference; lastKnownFileType = sourcecode.c.h; path = "ChemistryDictionaryForSM2-Prefix.pch"; sourceTree = "<group>"; };
		B0D0ACBB17EC2A4400AD2E7C /* AppDelegate.h */ = {isa = PBXFileReference; lastKnownFileType = sourcecode.c.h; path = AppDelegate.h; sourceTree = "<group>"; };
		B0D0ACBC17EC2A4400AD2E7C /* AppDelegate.m */ = {isa = PBXFileReference; lastKnownFileType = sourcecode.c.objc; path = AppDelegate.m; sourceTree = "<group>"; };
		B0D0ACBE17EC2A4400AD2E7C /* Default.png */ = {isa = PBXFileReference; lastKnownFileType = image.png; path = Default.png; sourceTree = "<group>"; };
		B0D0ACC017EC2A4400AD2E7C /* Default@2x.png */ = {isa = PBXFileReference; lastKnownFileType = image.png; path = "Default@2x.png"; sourceTree = "<group>"; };
		B0D0ACC217EC2A4400AD2E7C /* Default-568h@2x.png */ = {isa = PBXFileReference; lastKnownFileType = image.png; path = "Default-568h@2x.png"; sourceTree = "<group>"; };
		B0D0ACC517EC2A4400AD2E7C /* en */ = {isa = PBXFileReference; lastKnownFileType = file.storyboard; name = en; path = en.lproj/MainStoryboard.storyboard; sourceTree = "<group>"; };
		B0D0ACC717EC2A4400AD2E7C /* ViewController.h */ = {isa = PBXFileReference; lastKnownFileType = sourcecode.c.h; path = ViewController.h; sourceTree = "<group>"; };
		B0D0ACC817EC2A4400AD2E7C /* ViewController.m */ = {isa = PBXFileReference; lastKnownFileType = sourcecode.c.objc; path = ViewController.m; sourceTree = "<group>"; };
		B0D0ACD117EC2E4A00AD2E7C /* audio.png */ = {isa = PBXFileReference; lastKnownFileType = image.png; path = audio.png; sourceTree = "<group>"; };
		B0D0ACD217EC2E4A00AD2E7C /* back.png */ = {isa = PBXFileReference; lastKnownFileType = image.png; path = back.png; sourceTree = "<group>"; };
		B0D0ACD317EC2E4A00AD2E7C /* chapteraudio.png */ = {isa = PBXFileReference; lastKnownFileType = image.png; path = chapteraudio.png; sourceTree = "<group>"; };
		B0D0ACD417EC2E4A00AD2E7C /* home.png */ = {isa = PBXFileReference; lastKnownFileType = image.png; path = home.png; sourceTree = "<group>"; };
		B0E5EE09180B16F700C4E318 /* QuartzCore.framework */ = {isa = PBXFileReference; lastKnownFileType = wrapper.framework; name = QuartzCore.framework; path = System/Library/Frameworks/QuartzCore.framework; sourceTree = SDKROOT; };
		B0E5EE0B180B297700C4E318 /* SummaryController.h */ = {isa = PBXFileReference; fileEncoding = 4; lastKnownFileType = sourcecode.c.h; path = SummaryController.h; sourceTree = "<group>"; };
		B0E5EE0C180B297700C4E318 /* SummaryController.m */ = {isa = PBXFileReference; fileEncoding = 4; lastKnownFileType = sourcecode.c.objc; path = SummaryController.m; sourceTree = "<group>"; };
		B0F63ADD180654AD00C923ED /* fullperiodictable.jpg */ = {isa = PBXFileReference; lastKnownFileType = image.jpeg; path = fullperiodictable.jpg; sourceTree = "<group>"; };
/* End PBXFileReference section */

/* Begin PBXFrameworksBuildPhase section */
		B0D0ACA617EC2A4400AD2E7C /* Frameworks */ = {
			isa = PBXFrameworksBuildPhase;
			buildActionMask = 2147483647;
			files = (
				B0E5EE0A180B16F700C4E318 /* QuartzCore.framework in Frameworks */,
				B043F5A8180959900021FA56 /* AudioToolbox.framework in Frameworks */,
				B0C7FE5F17EEF92000133AFD /* libsqlite3.dylib in Frameworks */,
				B0D0ACAD17EC2A4400AD2E7C /* UIKit.framework in Frameworks */,
				B0D0ACAF17EC2A4400AD2E7C /* Foundation.framework in Frameworks */,
				B0D0ACB117EC2A4400AD2E7C /* CoreGraphics.framework in Frameworks */,
			);
			runOnlyForDeploymentPostprocessing = 0;
		};
/* End PBXFrameworksBuildPhase section */

/* Begin PBXGroup section */
		B01FD77217EC9F0E00D0BBA2 /* Controller */ = {
			isa = PBXGroup;
			children = (
				B0D0ACC717EC2A4400AD2E7C /* ViewController.h */,
				B0D0ACC817EC2A4400AD2E7C /* ViewController.m */,
				B01FD77F17ECB1C900D0BBA2 /* FrontPageController.h */,
				B01FD78017ECB1C900D0BBA2 /* FrontPageController.m */,
				B01FD78217ECB6F400D0BBA2 /* InstructionController.h */,
				B01FD78317ECB6F400D0BBA2 /* InstructionController.m */,
				B09FA82717ED44E1001E0917 /* SyllabusController.h */,
				B09FA82817ED44E1001E0917 /* SyllabusController.m */,
				B039987817EE1C8B00DC9254 /* ChapterController.h */,
				B039987917EE1C8B00DC9254 /* ChapterController.m */,
				B097063E17F03008000787EB /* ElementController.h */,
				B097063F17F03008000787EB /* ElementController.m */,
				B0BD8DEC17FE95AC0071EF6F /* DictionaryController.h */,
				B0BD8DED17FE95AC0071EF6F /* DictionaryController.m */,
				B04809D418002AC0006C9DC5 /* PeriodicTableController.h */,
				B04809D518002AC0006C9DC5 /* PeriodicTableController.m */,
				B04809D718003C5C006C9DC5 /* CustomNavigationController.h */,
				B04809D818003C5C006C9DC5 /* CustomNavigationController.m */,
				B0AC85A91807CCB00007CA31 /* PeriodicTableElementController.h */,
				B0AC85AA1807CCB00007CA31 /* PeriodicTableElementController.m */,
				B0AC85C2180862960007CA31 /* ElementListController.h */,
				B0AC85C3180862960007CA31 /* ElementListController.m */,
				B043F5AD18097AE70021FA56 /* QuizController.h */,
				B043F5AE18097AE70021FA56 /* QuizController.m */,
				B09CDF66180A60DA00897B14 /* QuizQuestionController.h */,
				B09CDF67180A60DA00897B14 /* QuizQuestionController.m */,
				B0E5EE0B180B297700C4E318 /* SummaryController.h */,
				B0E5EE0C180B297700C4E318 /* SummaryController.m */,
			);
			name = Controller;
			sourceTree = "<group>";
		};
		B01FD77317EC9F1A00D0BBA2 /* View */ = {
			isa = PBXGroup;
			children = (
				B0D0ACC417EC2A4400AD2E7C /* MainStoryboard.storyboard */,
			);
			name = View;
			sourceTree = "<group>";
		};
		B01FD77517EC9F5800D0BBA2 /* Model */ = {
			isa = PBXGroup;
			children = (
				B0C7FE5817EEF45000133AFD /* ElementModel.h */,
				B0C7FE5917EEF45000133AFD /* ElementModel.m */,
				B0C7FE5B17EEF89B00133AFD /* DictionaryDB.h */,
				B0C7FE5C17EEF89B00133AFD /* DictionaryDB.m */,
				B0AC85A61807A0970007CA31 /* PeriodicTableElementModel.h */,
				B0AC85A71807A0970007CA31 /* PeriodicTableElementModel.m */,
			);
			name = Model;
			sourceTree = "<group>";
		};
		B043F5AA180973FA0021FA56 /* Periodic Table Audios */ = {
			isa = PBXGroup;
			children = (
				B06E5634180BE42A00BBD23D /* 1.mp3 */,
				B06E5635180BE42A00BBD23D /* 2.mp3 */,
				B06E5636180BE42A00BBD23D /* 3.mp3 */,
				B06E5637180BE42A00BBD23D /* 4.mp3 */,
				B06E5638180BE42A00BBD23D /* 5.mp3 */,
				B06E5639180BE42A00BBD23D /* 6.mp3 */,
				B06E563A180BE42A00BBD23D /* 7.mp3 */,
				B06E563B180BE42A00BBD23D /* 8.mp3 */,
				B06E563C180BE42A00BBD23D /* 9.mp3 */,
				B06E563D180BE42A00BBD23D /* 10.mp3 */,
				B06E563E180BE42A00BBD23D /* 11.mp3 */,
				B06E563F180BE42A00BBD23D /* 12.mp3 */,
				B06E5640180BE42A00BBD23D /* 13.mp3 */,
				B06E5641180BE42A00BBD23D /* 14.mp3 */,
				B06E5642180BE42A00BBD23D /* 15.mp3 */,
				B06E5643180BE42A00BBD23D /* 16.mp3 */,
				B06E5644180BE42A00BBD23D /* 17.mp3 */,
				B06E5645180BE42A00BBD23D /* 18.mp3 */,
				B06E5646180BE42A00BBD23D /* 19.mp3 */,
				B06E5647180BE42A00BBD23D /* 20.mp3 */,
				B06E5648180BE42A00BBD23D /* 21.mp3 */,
				B06E5649180BE42A00BBD23D /* 22.mp3 */,
				B06E564A180BE42A00BBD23D /* 23.mp3 */,
				B06E564B180BE42A00BBD23D /* 24.mp3 */,
				B06E564C180BE42A00BBD23D /* 25.mp3 */,
				B06E564D180BE42A00BBD23D /* 26.mp3 */,
				B06E564E180BE42A00BBD23D /* 27.mp3 */,
				B06E564F180BE42A00BBD23D /* 28.mp3 */,
				B06E5650180BE42A00BBD23D /* 29.mp3 */,
				B06E5651180BE42A00BBD23D /* 30.mp3 */,
				B06E5652180BE42A00BBD23D /* 31.mp3 */,
				B06E5653180BE42A00BBD23D /* 32.mp3 */,
				B06E5654180BE42A00BBD23D /* 33.mp3 */,
				B06E5655180BE42A00BBD23D /* 34.mp3 */,
				B06E5656180BE42A00BBD23D /* 35.mp3 */,
				B06E5657180BE42A00BBD23D /* 36.mp3 */,
				B06E5658180BE42A00BBD23D /* 37.mp3 */,
				B06E5659180BE42A00BBD23D /* 38.mp3 */,
				B06E565A180BE42A00BBD23D /* 39.mp3 */,
				B06E565B180BE42A00BBD23D /* 40.mp3 */,
			);
			name = "Periodic Table Audios";
			sourceTree = "<group>";
		};
		B06E55E2180BE3D100BBD23D /* Syllabus Audios */ = {
			isa = PBXGroup;
			children = (
			);
			name = "Syllabus Audios";
			sourceTree = "<group>";
		};
		B06E55E3180BE3DF00BBD23D /* Periodic Table Images */ = {
			isa = PBXGroup;
			children = (
				B0029B1A1811350F00182449 /* 104.png */,
				B0029B1B1811350F00182449 /* 105.png */,
				B0029B1C1811350F00182449 /* 106.png */,
				B0029B1D1811350F00182449 /* 107.png */,
				B0029B1E1811350F00182449 /* 108.png */,
				B0029B1F1811350F00182449 /* 109.png */,
				B0029B201811350F00182449 /* 110.png */,
				B0029B211811350F00182449 /* 111.png */,
				B0029B221811350F00182449 /* untitled.png */,
				B06E55E4180BE40300BBD23D /* 1.jpg */,
				B06E55E5180BE40300BBD23D /* 2.jpg */,
				B06E55E6180BE40300BBD23D /* 3.jpg */,
				B06E55E7180BE40300BBD23D /* 4.jpg */,
				B06E55E8180BE40300BBD23D /* 5.jpg */,
				B06E55E9180BE40300BBD23D /* 6.jpg */,
				B06E55EA180BE40300BBD23D /* 7.jpg */,
				B06E55EB180BE40300BBD23D /* 8.jpg */,
				B06E55EC180BE40300BBD23D /* 9.jpg */,
				B06E55ED180BE40300BBD23D /* 10.jpg */,
				B06E55EE180BE40300BBD23D /* 11.jpg */,
				B06E55EF180BE40300BBD23D /* 12.jpg */,
				B06E55F0180BE40300BBD23D /* 13.jpg */,
				B06E55F1180BE40300BBD23D /* 14.jpg */,
				B06E55F2180BE40300BBD23D /* 15.jpg */,
				B06E55F3180BE40300BBD23D /* 16.jpg */,
				B06E55F4180BE40300BBD23D /* 17.jpg */,
				B06E55F5180BE40300BBD23D /* 18.jpg */,
				B06E55F6180BE40300BBD23D /* 19.jpg */,
				B06E55F7180BE40300BBD23D /* 20.jpg */,
				B06E55F8180BE40300BBD23D /* 21.jpg */,
				B06E55F9180BE40300BBD23D /* 22.jpg */,
				B06E55FA180BE40300BBD23D /* 23.jpg */,
				B06E55FB180BE40300BBD23D /* 24.jpg */,
				B06E55FC180BE40300BBD23D /* 25.jpg */,
				B06E55FD180BE40300BBD23D /* 26.jpg */,
				B06E55FE180BE40300BBD23D /* 27.jpg */,
				B06E55FF180BE40300BBD23D /* 28.jpg */,
				B06E5600180BE40300BBD23D /* 29.jpg */,
				B06E5601180BE40300BBD23D /* 30.jpg */,
				B06E5602180BE40300BBD23D /* 31.jpg */,
				B06E5603180BE40300BBD23D /* 32.jpg */,
				B06E5604180BE40300BBD23D /* 33.jpg */,
				B06E5605180BE40300BBD23D /* 34.jpg */,
				B06E5606180BE40300BBD23D /* 35.jpg */,
				B06E5607180BE40300BBD23D /* 36.jpg */,
				B06E5608180BE40300BBD23D /* 37.jpg */,
				B06E5609180BE40300BBD23D /* 38.jpg */,
				B06E560A180BE40300BBD23D /* 39.jpg */,
				B06E560B180BE40300BBD23D /* 40.jpg */,
			);
			name = "Periodic Table Images";
			sourceTree = "<group>";
		};
		B09D02E117EC5CCA0000458F /* System Images */ = {
			isa = PBXGroup;
			children = (
				B06E55E0180BE39A00BBD23D /* audiobutton.jpg */,
				B043F5A518090FEE0021FA56 /* facultyinfo.png */,
				B0F63ADD180654AD00C923ED /* fullperiodictable.jpg */,
				B01FD78517ECB77300D0BBA2 /* chinesecaption.png */,
				B01FD78617ECB77300D0BBA2 /* cotributor.png */,
				B01FD78717ECB77300D0BBA2 /* englishcaption.png */,
				B01FD77D17ECAF7600D0BBA2 /* nuslogo.png */,
				B01FD77917ECAEF900D0BBA2 /* mainicon.png */,
				B0A0551617EC75CF001899AA /* periodtable.png */,
				B0BD8DEA17FE88BF0071EF6F /* syllabus.png */,
				B0A0551717EC75CF001899AA /* quiz.png */,
				B0A0551817EC75CF001899AA /* searchdictionary.png */,
				B0D0ACD117EC2E4A00AD2E7C /* audio.png */,
				B0D0ACD217EC2E4A00AD2E7C /* back.png */,
				B0D0ACD317EC2E4A00AD2E7C /* chapteraudio.png */,
				B0D0ACD417EC2E4A00AD2E7C /* home.png */,
			);
			name = "System Images";
			sourceTree = "<group>";
		};
		B0D0ACA017EC2A4400AD2E7C = {
			isa = PBXGroup;
			children = (
				B0D0ACB217EC2A4400AD2E7C /* ChemistryDictionaryForSM2 */,
				B0D0ACAB17EC2A4400AD2E7C /* Frameworks */,
				B0D0ACAA17EC2A4400AD2E7C /* Products */,
			);
			sourceTree = "<group>";
		};
		B0D0ACAA17EC2A4400AD2E7C /* Products */ = {
			isa = PBXGroup;
			children = (
				B0D0ACA917EC2A4400AD2E7C /* ChemistryDictionaryForSM2.app */,
			);
			name = Products;
			sourceTree = "<group>";
		};
		B0D0ACAB17EC2A4400AD2E7C /* Frameworks */ = {
			isa = PBXGroup;
			children = (
				B0E5EE09180B16F700C4E318 /* QuartzCore.framework */,
				B043F5A7180959900021FA56 /* AudioToolbox.framework */,
				B0C7FE5E17EEF92000133AFD /* libsqlite3.dylib */,
				B0D0ACAC17EC2A4400AD2E7C /* UIKit.framework */,
				B0D0ACAE17EC2A4400AD2E7C /* Foundation.framework */,
				B0D0ACB017EC2A4400AD2E7C /* CoreGraphics.framework */,
			);
			name = Frameworks;
			sourceTree = "<group>";
		};
		B0D0ACB217EC2A4400AD2E7C /* ChemistryDictionaryForSM2 */ = {
			isa = PBXGroup;
			children = (
				B06E55E3180BE3DF00BBD23D /* Periodic Table Images */,
				B06E55E2180BE3D100BBD23D /* Syllabus Audios */,
				B043F5AA180973FA0021FA56 /* Periodic Table Audios */,
				B09D02E117EC5CCA0000458F /* System Images */,
				B01FD77517EC9F5800D0BBA2 /* Model */,
				B01FD77317EC9F1A00D0BBA2 /* View */,
				B01FD77217EC9F0E00D0BBA2 /* Controller */,
				B0D0ACB317EC2A4400AD2E7C /* Supporting Files */,
				B0D0ACBB17EC2A4400AD2E7C /* AppDelegate.h */,
				B0D0ACBC17EC2A4400AD2E7C /* AppDelegate.m */,
				B01FD77617EC9FB000D0BBA2 /* Constant.h */,
				B01FD77717EC9FB000D0BBA2 /* Constant.m */,
				B097063C17F0268B000787EB /* dictionary.sqlite */,
			);
			path = ChemistryDictionaryForSM2;
			sourceTree = "<group>";
		};
		B0D0ACB317EC2A4400AD2E7C /* Supporting Files */ = {
			isa = PBXGroup;
			children = (
				B0029B2C1811356200182449 /* periodic_table_element.html */,
				B0D0ACB417EC2A4400AD2E7C /* ChemistryDictionaryForSM2-Info.plist */,
				B0D0ACB517EC2A4400AD2E7C /* InfoPlist.strings */,
				B0D0ACB817EC2A4400AD2E7C /* main.m */,
				B0D0ACBA17EC2A4400AD2E7C /* ChemistryDictionaryForSM2-Prefix.pch */,
				B0D0ACBE17EC2A4400AD2E7C /* Default.png */,
				B0D0ACC017EC2A4400AD2E7C /* Default@2x.png */,
				B0D0ACC217EC2A4400AD2E7C /* Default-568h@2x.png */,
			);
			name = "Supporting Files";
			sourceTree = "<group>";
		};
/* End PBXGroup section */

/* Begin PBXNativeTarget section */
		B0D0ACA817EC2A4400AD2E7C /* ChemistryDictionaryForSM2 */ = {
			isa = PBXNativeTarget;
			buildConfigurationList = B0D0ACCC17EC2A4400AD2E7C /* Build configuration list for PBXNativeTarget "ChemistryDictionaryForSM2" */;
			buildPhases = (
				B0D0ACA517EC2A4400AD2E7C /* Sources */,
				B0D0ACA617EC2A4400AD2E7C /* Frameworks */,
				B0D0ACA717EC2A4400AD2E7C /* Resources */,
			);
			buildRules = (
			);
			dependencies = (
			);
			name = ChemistryDictionaryForSM2;
			productName = ChemistryDictionaryForSM2;
			productReference = B0D0ACA917EC2A4400AD2E7C /* ChemistryDictionaryForSM2.app */;
			productType = "com.apple.product-type.application";
		};
/* End PBXNativeTarget section */

/* Begin PBXProject section */
		B0D0ACA117EC2A4400AD2E7C /* Project object */ = {
			isa = PBXProject;
			attributes = {
				LastUpgradeCheck = 0460;
				ORGANIZATIONNAME = "Huang Purong";
				TargetAttributes = {
					B0D0ACA817EC2A4400AD2E7C = {
						DevelopmentTeam = DEG7U8BL56;
					};
				};
			};
			buildConfigurationList = B0D0ACA417EC2A4400AD2E7C /* Build configuration list for PBXProject "ChemistryDictionaryForSM2" */;
			compatibilityVersion = "Xcode 3.2";
			developmentRegion = English;
			hasScannedForEncodings = 0;
			knownRegions = (
				en,
			);
			mainGroup = B0D0ACA017EC2A4400AD2E7C;
			productRefGroup = B0D0ACAA17EC2A4400AD2E7C /* Products */;
			projectDirPath = "";
			projectRoot = "";
			targets = (
				B0D0ACA817EC2A4400AD2E7C /* ChemistryDictionaryForSM2 */,
			);
		};
/* End PBXProject section */

/* Begin PBXResourcesBuildPhase section */
		B0D0ACA717EC2A4400AD2E7C /* Resources */ = {
			isa = PBXResourcesBuildPhase;
			buildActionMask = 2147483647;
			files = (
				B06E5660180BE42A00BBD23D /* 5.mp3 in Resources */,
				B0029B2D1811356200182449 /* periodic_table_element.html in Resources */,
				B06E562B180BE40300BBD23D /* 32.jpg in Resources */,
				B06E5623180BE40300BBD23D /* 24.jpg in Resources */,
				B06E562C180BE40300BBD23D /* 33.jpg in Resources */,
				B06E567D180BE42A00BBD23D /* 34.mp3 in Resources */,
				B06E560D180BE40300BBD23D /* 2.jpg in Resources */,
				B06E5680180BE42A00BBD23D /* 37.mp3 in Resources */,
				B0D0ACB717EC2A4400AD2E7C /* InfoPlist.strings in Resources */,
				B097063D17F0268B000787EB /* dictionary.sqlite in Resources */,
				B06E5661180BE42A00BBD23D /* 6.mp3 in Resources */,
				B0029B281811350F00182449 /* 109.png in Resources */,
				B06E561C180BE40300BBD23D /* 17.jpg in Resources */,
				B0029B2B1811350F00182449 /* untitled.png in Resources */,
				B06E566B180BE42A00BBD23D /* 16.mp3 in Resources */,
				B06E5665180BE42A00BBD23D /* 10.mp3 in Resources */,
				B0029B291811350F00182449 /* 110.png in Resources */,
				B06E566E180BE42A00BBD23D /* 19.mp3 in Resources */,
				B06E5675180BE42A00BBD23D /* 26.mp3 in Resources */,
				B06E5670180BE42A00BBD23D /* 21.mp3 in Resources */,
				B06E567E180BE42A00BBD23D /* 35.mp3 in Resources */,
				B06E5627180BE40300BBD23D /* 28.jpg in Resources */,
				B06E566D180BE42A00BBD23D /* 18.mp3 in Resources */,
				B06E5624180BE40300BBD23D /* 25.jpg in Resources */,
				B06E566F180BE42A00BBD23D /* 20.mp3 in Resources */,
				B0D0ACBF17EC2A4400AD2E7C /* Default.png in Resources */,
				B06E5681180BE42A00BBD23D /* 38.mp3 in Resources */,
				B06E5626180BE40300BBD23D /* 27.jpg in Resources */,
				B06E55E1180BE39A00BBD23D /* audiobutton.jpg in Resources */,
				B06E565E180BE42A00BBD23D /* 3.mp3 in Resources */,
				B0D0ACC117EC2A4400AD2E7C /* Default@2x.png in Resources */,
				B06E5662180BE42A00BBD23D /* 7.mp3 in Resources */,
				B06E5628180BE40300BBD23D /* 29.jpg in Resources */,
				B06E5614180BE40300BBD23D /* 9.jpg in Resources */,
				B06E5676180BE42A00BBD23D /* 27.mp3 in Resources */,
				B0D0ACC317EC2A4400AD2E7C /* Default-568h@2x.png in Resources */,
				B06E561A180BE40300BBD23D /* 15.jpg in Resources */,
				B0029B241811350F00182449 /* 105.png in Resources */,
				B06E5616180BE40300BBD23D /* 11.jpg in Resources */,
				B0D0ACC617EC2A4400AD2E7C /* MainStoryboard.storyboard in Resources */,
				B06E5667180BE42A00BBD23D /* 12.mp3 in Resources */,
				B0D0ACD817EC2E4A00AD2E7C /* audio.png in Resources */,
				B043F5A618090FEE0021FA56 /* facultyinfo.png in Resources */,
				B0D0ACD917EC2E4A00AD2E7C /* back.png in Resources */,
				B06E5611180BE40300BBD23D /* 6.jpg in Resources */,
				B06E562A180BE40300BBD23D /* 31.jpg in Resources */,
				B06E561D180BE40300BBD23D /* 18.jpg in Resources */,
				B0D0ACDA17EC2E4A00AD2E7C /* chapteraudio.png in Resources */,
				B06E5674180BE42A00BBD23D /* 25.mp3 in Resources */,
				B06E5679180BE42A00BBD23D /* 30.mp3 in Resources */,
				B0D0ACDB17EC2E4A00AD2E7C /* home.png in Resources */,
				B0029B261811350F00182449 /* 107.png in Resources */,
				B06E5617180BE40300BBD23D /* 12.jpg in Resources */,
				B0A0551A17EC75CF001899AA /* periodtable.png in Resources */,
				B06E5622180BE40300BBD23D /* 23.jpg in Resources */,
				B06E5668180BE42A00BBD23D /* 13.mp3 in Resources */,
				B0A0551B17EC75CF001899AA /* quiz.png in Resources */,
				B06E5677180BE42A00BBD23D /* 28.mp3 in Resources */,
				B0F63ADE180654AD00C923ED /* fullperiodictable.jpg in Resources */,
				B06E5615180BE40300BBD23D /* 10.jpg in Resources */,
				B0A0551C17EC75CF001899AA /* searchdictionary.png in Resources */,
				B06E566C180BE42A00BBD23D /* 17.mp3 in Resources */,
				B06E565F180BE42A00BBD23D /* 4.mp3 in Resources */,
				B06E5631180BE40300BBD23D /* 38.jpg in Resources */,
				B06E560C180BE40300BBD23D /* 1.jpg in Resources */,
				B06E565C180BE42A00BBD23D /* 1.mp3 in Resources */,
				B0BD8DEB17FE88BF0071EF6F /* syllabus.png in Resources */,
				B06E5612180BE40300BBD23D /* 7.jpg in Resources */,
				B06E567B180BE42A00BBD23D /* 32.mp3 in Resources */,
				B06E5671180BE42A00BBD23D /* 22.mp3 in Resources */,
				B06E560E180BE40300BBD23D /* 3.jpg in Resources */,
				B06E5683180BE42A00BBD23D /* 40.mp3 in Resources */,
				B01FD77B17ECAEF900D0BBA2 /* mainicon.png in Resources */,
				B01FD77E17ECAF7600D0BBA2 /* nuslogo.png in Resources */,
				B06E5678180BE42A00BBD23D /* 29.mp3 in Resources */,
				B06E561E180BE40300BBD23D /* 19.jpg in Resources */,
				B06E5621180BE40300BBD23D /* 22.jpg in Resources */,
				B06E5613180BE40300BBD23D /* 8.jpg in Resources */,
				B06E5629180BE40300BBD23D /* 30.jpg in Resources */,
				B06E5682180BE42A00BBD23D /* 39.mp3 in Resources */,
				B0029B231811350F00182449 /* 104.png in Resources */,
				B06E5618180BE40300BBD23D /* 13.jpg in Resources */,
				B06E560F180BE40300BBD23D /* 4.jpg in Resources */,
				B06E5619180BE40300BBD23D /* 14.jpg in Resources */,
				B06E5630180BE40300BBD23D /* 37.jpg in Resources */,
				B06E5669180BE42A00BBD23D /* 14.mp3 in Resources */,
				B06E5632180BE40300BBD23D /* 39.jpg in Resources */,
				B06E5673180BE42A00BBD23D /* 24.mp3 in Resources */,
				B0029B2A1811350F00182449 /* 111.png in Resources */,
				B0029B251811350F00182449 /* 106.png in Resources */,
				B06E5672180BE42A00BBD23D /* 23.mp3 in Resources */,
				B06E565D180BE42A00BBD23D /* 2.mp3 in Resources */,
				B06E567C180BE42A00BBD23D /* 33.mp3 in Resources */,
				B06E567A180BE42A00BBD23D /* 31.mp3 in Resources */,
				B06E562E180BE40300BBD23D /* 35.jpg in Resources */,
				B06E5610180BE40300BBD23D /* 5.jpg in Resources */,
				B06E566A180BE42A00BBD23D /* 15.mp3 in Resources */,
				B06E5633180BE40300BBD23D /* 40.jpg in Resources */,
				B06E5625180BE40300BBD23D /* 26.jpg in Resources */,
				B01FD78817ECB77300D0BBA2 /* chinesecaption.png in Resources */,
				B06E567F180BE42A00BBD23D /* 36.mp3 in Resources */,
				B06E5666180BE42A00BBD23D /* 11.mp3 in Resources */,
				B06E561B180BE40300BBD23D /* 16.jpg in Resources */,
				B06E562D180BE40300BBD23D /* 34.jpg in Resources */,
				B01FD78917ECB77300D0BBA2 /* cotributor.png in Resources */,
				B06E5664180BE42A00BBD23D /* 9.mp3 in Resources */,
				B06E5663180BE42A00BBD23D /* 8.mp3 in Resources */,
				B01FD78A17ECB77300D0BBA2 /* englishcaption.png in Resources */,
				B06E562F180BE40300BBD23D /* 36.jpg in Resources */,
				B0029B271811350F00182449 /* 108.png in Resources */,
				B06E5620180BE40300BBD23D /* 21.jpg in Resources */,
				B06E561F180BE40300BBD23D /* 20.jpg in Resources */,
			);
			runOnlyForDeploymentPostprocessing = 0;
		};
/* End PBXResourcesBuildPhase section */

/* Begin PBXSourcesBuildPhase section */
		B0D0ACA517EC2A4400AD2E7C /* Sources */ = {
			isa = PBXSourcesBuildPhase;
			buildActionMask = 2147483647;
			files = (
				B09CDF68180A60DA00897B14 /* QuizQuestionController.m in Sources */,
				B0AC85AB1807CCB00007CA31 /* PeriodicTableElementController.m in Sources */,
				B0AC85A81807A0970007CA31 /* PeriodicTableElementModel.m in Sources */,
				B0D0ACB917EC2A4400AD2E7C /* main.m in Sources */,
				B0D0ACBD17EC2A4400AD2E7C /* AppDelegate.m in Sources */,
				B04809D918003C5C006C9DC5 /* CustomNavigationController.m in Sources */,
				B0D0ACC917EC2A4400AD2E7C /* ViewController.m in Sources */,
				B0C7FE5D17EEF89B00133AFD /* DictionaryDB.m in Sources */,
				B01FD77817EC9FB000D0BBA2 /* Constant.m in Sources */,
				B01FD78117ECB1C900D0BBA2 /* FrontPageController.m in Sources */,
				B0C7FE5A17EEF45000133AFD /* ElementModel.m in Sources */,
				B0BD8DEE17FE95AC0071EF6F /* DictionaryController.m in Sources */,
				B097064017F03008000787EB /* ElementController.m in Sources */,
				B01FD78417ECB6F400D0BBA2 /* InstructionController.m in Sources */,
				B0AC85C4180862960007CA31 /* ElementListController.m in Sources */,
				B04809D618002AC0006C9DC5 /* PeriodicTableController.m in Sources */,
				B0E5EE0D180B297700C4E318 /* SummaryController.m in Sources */,
				B09FA82917ED44E1001E0917 /* SyllabusController.m in Sources */,
				B043F5AF18097AE70021FA56 /* QuizController.m in Sources */,
				B039987A17EE1C8B00DC9254 /* ChapterController.m in Sources */,
			);
			runOnlyForDeploymentPostprocessing = 0;
		};
/* End PBXSourcesBuildPhase section */

/* Begin PBXVariantGroup section */
		B0D0ACB517EC2A4400AD2E7C /* InfoPlist.strings */ = {
			isa = PBXVariantGroup;
			children = (
				B0D0ACB617EC2A4400AD2E7C /* en */,
			);
			name = InfoPlist.strings;
			sourceTree = "<group>";
		};
		B0D0ACC417EC2A4400AD2E7C /* MainStoryboard.storyboard */ = {
			isa = PBXVariantGroup;
			children = (
				B0D0ACC517EC2A4400AD2E7C /* en */,
			);
			name = MainStoryboard.storyboard;
			sourceTree = "<group>";
		};
/* End PBXVariantGroup section */

/* Begin XCBuildConfiguration section */
		B0D0ACCA17EC2A4400AD2E7C /* Debug */ = {
			isa = XCBuildConfiguration;
			buildSettings = {
				ALWAYS_SEARCH_USER_PATHS = NO;
				CLANG_CXX_LANGUAGE_STANDARD = "gnu++0x";
				CLANG_CXX_LIBRARY = "libc++";
				CLANG_ENABLE_OBJC_ARC = YES;
				CLANG_WARN_CONSTANT_CONVERSION = YES;
				CLANG_WARN_EMPTY_BODY = YES;
				CLANG_WARN_ENUM_CONVERSION = YES;
				CLANG_WARN_INT_CONVERSION = YES;
				CLANG_WARN__DUPLICATE_METHOD_MATCH = YES;
				"CODE_SIGN_IDENTITY[sdk=iphoneos*]" = "iPhone Developer";
				COPY_PHASE_STRIP = NO;
				GCC_C_LANGUAGE_STANDARD = gnu99;
				GCC_DYNAMIC_NO_PIC = NO;
				GCC_OPTIMIZATION_LEVEL = 0;
				GCC_PREPROCESSOR_DEFINITIONS = (
					"DEBUG=1",
					"$(inherited)",
				);
				GCC_SYMBOLS_PRIVATE_EXTERN = NO;
				GCC_WARN_ABOUT_RETURN_TYPE = YES;
				GCC_WARN_UNINITIALIZED_AUTOS = YES;
				GCC_WARN_UNUSED_VARIABLE = YES;
				IPHONEOS_DEPLOYMENT_TARGET = 6.1;
				ONLY_ACTIVE_ARCH = YES;
				SDKROOT = iphoneos;
			};
			name = Debug;
		};
		B0D0ACCB17EC2A4400AD2E7C /* Release */ = {
			isa = XCBuildConfiguration;
			buildSettings = {
				ALWAYS_SEARCH_USER_PATHS = NO;
				CLANG_CXX_LANGUAGE_STANDARD = "gnu++0x";
				CLANG_CXX_LIBRARY = "libc++";
				CLANG_ENABLE_OBJC_ARC = YES;
				CLANG_WARN_CONSTANT_CONVERSION = YES;
				CLANG_WARN_EMPTY_BODY = YES;
				CLANG_WARN_ENUM_CONVERSION = YES;
				CLANG_WARN_INT_CONVERSION = YES;
				CLANG_WARN__DUPLICATE_METHOD_MATCH = YES;
				"CODE_SIGN_IDENTITY[sdk=iphoneos*]" = "iPhone Developer";
				COPY_PHASE_STRIP = YES;
				GCC_C_LANGUAGE_STANDARD = gnu99;
				GCC_WARN_ABOUT_RETURN_TYPE = YES;
				GCC_WARN_UNINITIALIZED_AUTOS = YES;
				GCC_WARN_UNUSED_VARIABLE = YES;
				IPHONEOS_DEPLOYMENT_TARGET = 6.1;
				OTHER_CFLAGS = "-DNS_BLOCK_ASSERTIONS=1";
				SDKROOT = iphoneos;
				VALIDATE_PRODUCT = YES;
			};
			name = Release;
		};
		B0D0ACCD17EC2A4400AD2E7C /* Debug */ = {
			isa = XCBuildConfiguration;
			buildSettings = {
				CODE_SIGN_IDENTITY = "iPhone Developer";
				"CODE_SIGN_IDENTITY[sdk=iphoneos*]" = "iPhone Developer";
				GCC_PRECOMPILE_PREFIX_HEADER = YES;
				GCC_PREFIX_HEADER = "ChemistryDictionaryForSM2/ChemistryDictionaryForSM2-Prefix.pch";
				INFOPLIST_FILE = "ChemistryDictionaryForSM2/ChemistryDictionaryForSM2-Info.plist";
				IPHONEOS_DEPLOYMENT_TARGET = 7.0;
				PRODUCT_NAME = "$(TARGET_NAME)";
				PROVISIONING_PROFILE = "";
				TARGETED_DEVICE_FAMILY = 1;
				WRAPPER_EXTENSION = app;
			};
			name = Debug;
		};
		B0D0ACCE17EC2A4400AD2E7C /* Release */ = {
			isa = XCBuildConfiguration;
			buildSettings = {
				CODE_SIGN_IDENTITY = "iPhone Developer";
				"CODE_SIGN_IDENTITY[sdk=iphoneos*]" = "iPhone Developer";
				GCC_PRECOMPILE_PREFIX_HEADER = YES;
				GCC_PREFIX_HEADER = "ChemistryDictionaryForSM2/ChemistryDictionaryForSM2-Prefix.pch";
				INFOPLIST_FILE = "ChemistryDictionaryForSM2/ChemistryDictionaryForSM2-Info.plist";
				IPHONEOS_DEPLOYMENT_TARGET = 7.0;
				PRODUCT_NAME = "$(TARGET_NAME)";
				PROVISIONING_PROFILE = "";
				TARGETED_DEVICE_FAMILY = 1;
				WRAPPER_EXTENSION = app;
			};
			name = Release;
		};
/* End XCBuildConfiguration section */

/* Begin XCConfigurationList section */
		B0D0ACA417EC2A4400AD2E7C /* Build configuration list for PBXProject "ChemistryDictionaryForSM2" */ = {
			isa = XCConfigurationList;
			buildConfigurations = (
				B0D0ACCA17EC2A4400AD2E7C /* Debug */,
				B0D0ACCB17EC2A4400AD2E7C /* Release */,
			);
			defaultConfigurationIsVisible = 0;
			defaultConfigurationName = Release;
		};
		B0D0ACCC17EC2A4400AD2E7C /* Build configuration list for PBXNativeTarget "ChemistryDictionaryForSM2" */ = {
			isa = XCConfigurationList;
			buildConfigurations = (
				B0D0ACCD17EC2A4400AD2E7C /* Debug */,
				B0D0ACCE17EC2A4400AD2E7C /* Release */,
			);
			defaultConfigurationIsVisible = 0;
			defaultConfigurationName = Release;
		};
/* End XCConfigurationList section */
	};
	rootObject = B0D0ACA117EC2A4400AD2E7C /* Project object */;
}
